
Microsoft Visual Studio Solution File, Format Version 12.00
# Visual Studio 15
VisualStudioVersion = 15.0.28307.102
MinimumVisualStudioVersion = 10.0.40219.1
Project("{FAE04EC0-301F-11D3-BF4B-00C04F79EFBC}") = "LiDARCupDetection", "LiDARCupDetection.csproj", "{227EBFE8-B641-4336-958F-39ADEAA2C999}"
EndProject
Global
	GlobalSection(SolutionConfigurationPlatforms) = preSolution
		Debug|Any CPU = Debug|Any CPU
		Release|Any CPU = Release|Any CPU
	EndGlobalSection
	GlobalSection(ProjectConfigurationPlatforms) = postSolution
		{227EBFE8-B641-4336-958F-39ADEAA2C999}.Debug|Any CPU.ActiveCfg = Debug|Any CPU
		{227EBFE8-B641-4336-958F-39ADEAA2C999}.Debug|Any CPU.Build.0 = Debug|Any CPU
		{227EBFE8-B641-4336-958F-39ADEAA2C999}.Release|Any CPU.ActiveCfg = Release|Any CPU
		{227EBFE8-B641-4336-958F-39ADEAA2C999}.Release|Any CPU.Build.0 = Release|Any CPU
	EndGlobalSection
	GlobalSection(SolutionProperties) = preSolution
		HideSolutionNode = FALSE
	EndGlobalSection
	GlobalSection(ExtensibilityGlobals) = postSolution
		SolutionGuid = {C9D591AA-D052-46EC-8115-2BE70A04FC00}
	EndGlobalSection
EndGlobal
